
Microsoft Visual Studio Solution File, Format Version 12.00
# Visual Studio Version 16
VisualStudioVersion = 16.0.30011.22
MinimumVisualStudioVersion = 10.0.40219.1
Project("{9A19103F-16F7-4668-BE54-9A1E7A4F7556}") = "Bagual.Services", "BagualApi.Services\Bagual.Services.csproj", "{A662FDCE-DA3C-4F2F-8606-547C881416F1}"
EndProject
Project("{2150E333-8FDC-42A3-9474-1A3956D46DE8}") = "Solution Items", "Solution Items", "{A5827021-C793-4B5E-B744-84D39D9AB935}"
EndProject
Project("{9A19103F-16F7-4668-BE54-9A1E7A4F7556}") = "Bagual.Services.Tests", "Bagual.Services.Tests\Bagual.Services.Tests.csproj", "{ECABAA8A-24A9-4DC0-A854-D1C4D6272554}"
EndProject
Project("{FAE04EC0-301F-11D3-BF4B-00C04F79EFBC}") = "Bagual.Api", "Bagual.Api\Bagual.Api.csproj", "{3888E36E-7E65-44EE-BC3F-C539CB2DE652}"
EndProject
Global
	GlobalSection(SolutionConfigurationPlatforms) = preSolution
		Debug|Any CPU = Debug|Any CPU
		Release|Any CPU = Release|Any CPU
	EndGlobalSection
	GlobalSection(ProjectConfigurationPlatforms) = postSolution
		{A662FDCE-DA3C-4F2F-8606-547C881416F1}.Debug|Any CPU.ActiveCfg = Debug|Any CPU
		{A662FDCE-DA3C-4F2F-8606-547C881416F1}.Debug|Any CPU.Build.0 = Debug|Any CPU
		{A662FDCE-DA3C-4F2F-8606-547C881416F1}.Release|Any CPU.ActiveCfg = Release|Any CPU
		{A662FDCE-DA3C-4F2F-8606-547C881416F1}.Release|Any CPU.Build.0 = Release|Any CPU
		{ECABAA8A-24A9-4DC0-A854-D1C4D6272554}.Debug|Any CPU.ActiveCfg = Debug|Any CPU
		{ECABAA8A-24A9-4DC0-A854-D1C4D6272554}.Debug|Any CPU.Build.0 = Debug|Any CPU
		{ECABAA8A-24A9-4DC0-A854-D1C4D6272554}.Release|Any CPU.ActiveCfg = Release|Any CPU
		{ECABAA8A-24A9-4DC0-A854-D1C4D6272554}.Release|Any CPU.Build.0 = Release|Any CPU
		{3888E36E-7E65-44EE-BC3F-C539CB2DE652}.Debug|Any CPU.ActiveCfg = Debug|Any CPU
		{3888E36E-7E65-44EE-BC3F-C539CB2DE652}.Debug|Any CPU.Build.0 = Debug|Any CPU
		{3888E36E-7E65-44EE-BC3F-C539CB2DE652}.Release|Any CPU.ActiveCfg = Release|Any CPU
		{3888E36E-7E65-44EE-BC3F-C539CB2DE652}.Release|Any CPU.Build.0 = Release|Any CPU
	EndGlobalSection
	GlobalSection(SolutionProperties) = preSolution
		HideSolutionNode = FALSE
	EndGlobalSection
	GlobalSection(ExtensibilityGlobals) = postSolution
		SolutionGuid = {A200F0C4-6451-4D5D-916A-612989DF196A}
	EndGlobalSection
EndGlobal
