
Microsoft Visual Studio Solution File, Format Version 12.00
# Visual Studio Version 16
VisualStudioVersion = 16.0.30011.22
MinimumVisualStudioVersion = 10.0.40219.1
Project("{FAE04EC0-301F-11D3-BF4B-00C04F79EFBC}") = "shithead-cards-api", "shithead-cards-api\shithead-cards-api.csproj", "{7726BF2C-BD31-4856-A175-3C92EB71641B}"
EndProject
Project("{FAE04EC0-301F-11D3-BF4B-00C04F79EFBC}") = "shithead-cards-ui", "shithead-cards-ui\shithead-cards-ui.csproj", "{A0796CCC-29B2-4AE0-B62F-83D3B67A69D0}"
EndProject
Global
	GlobalSection(SolutionConfigurationPlatforms) = preSolution
		Debug|Any CPU = Debug|Any CPU
		Release|Any CPU = Release|Any CPU
	EndGlobalSection
	GlobalSection(ProjectConfigurationPlatforms) = postSolution
		{7726BF2C-BD31-4856-A175-3C92EB71641B}.Debug|Any CPU.ActiveCfg = Debug|Any CPU
		{7726BF2C-BD31-4856-A175-3C92EB71641B}.Debug|Any CPU.Build.0 = Debug|Any CPU
		{7726BF2C-BD31-4856-A175-3C92EB71641B}.Release|Any CPU.ActiveCfg = Release|Any CPU
		{7726BF2C-BD31-4856-A175-3C92EB71641B}.Release|Any CPU.Build.0 = Release|Any CPU
		{A0796CCC-29B2-4AE0-B62F-83D3B67A69D0}.Debug|Any CPU.ActiveCfg = Debug|Any CPU
		{A0796CCC-29B2-4AE0-B62F-83D3B67A69D0}.Debug|Any CPU.Build.0 = Debug|Any CPU
		{A0796CCC-29B2-4AE0-B62F-83D3B67A69D0}.Release|Any CPU.ActiveCfg = Release|Any CPU
		{A0796CCC-29B2-4AE0-B62F-83D3B67A69D0}.Release|Any CPU.Build.0 = Release|Any CPU
	EndGlobalSection
	GlobalSection(SolutionProperties) = preSolution
		HideSolutionNode = FALSE
	EndGlobalSection
	GlobalSection(ExtensibilityGlobals) = postSolution
		SolutionGuid = {A200F0C4-6451-4D5D-916A-612989DF196A}
	EndGlobalSection
EndGlobal
